
Microsoft Visual Studio Solution File, Format Version 12.00
# Visual Studio Version 17
VisualStudioVersion = 17.4.33213.308
MinimumVisualStudioVersion = 10.0.40219.1
Project("{FAE04EC0-301F-11D3-BF4B-00C04F79EFBC}") = "ApiLibros", "ApiLibros.csproj", "{598746E4-7BA5-4FA6-A27F-83587A85249F}"
EndProject
Global
	GlobalSection(SolutionConfigurationPlatforms) = preSolution
		Debug|Any CPU = Debug|Any CPU
		Release|Any CPU = Release|Any CPU
	EndGlobalSection
	GlobalSection(ProjectConfigurationPlatforms) = postSolution
		{598746E4-7BA5-4FA6-A27F-83587A85249F}.Debug|Any CPU.ActiveCfg = Debug|Any CPU
		{598746E4-7BA5-4FA6-A27F-83587A85249F}.Debug|Any CPU.Build.0 = Debug|Any CPU
		{598746E4-7BA5-4FA6-A27F-83587A85249F}.Release|Any CPU.ActiveCfg = Release|Any CPU
		{598746E4-7BA5-4FA6-A27F-83587A85249F}.Release|Any CPU.Build.0 = Release|Any CPU
	EndGlobalSection
	GlobalSection(SolutionProperties) = preSolution
		HideSolutionNode = FALSE
	EndGlobalSection
	GlobalSection(ExtensibilityGlobals) = postSolution
		SolutionGuid = {2C2985D3-B6B2-45A3-8685-62CF58DED042}
	EndGlobalSection
EndGlobal
